// !$*UTF8*$!
{
	archiveVersion = 1;
	classes = {
	};
	objectVersion = 56;
	objects = {

/* Begin PBXBuildFile section */
		AB0DC5672D2E0FEF00EF5350 /* AppDelegate.swift in Sources */ = {isa = PBXBuildFile; fileRef = AB0DC5662D2E0FEF00EF5350 /* AppDelegate.swift */; };
		AB0DC5692D2E0FEF00EF5350 /* SceneDelegate.swift in Sources */ = {isa = PBXBuildFile; fileRef = AB0DC5682D2E0FEF00EF5350 /* SceneDelegate.swift */; };
		AB0DC56B2D2E0FEF00EF5350 /* ViewController.swift in Sources */ = {isa = PBXBuildFile; fileRef = AB0DC56A2D2E0FEF00EF5350 /* ViewController.swift */; };
		AB0DC56E2D2E0FEF00EF5350 /* Main.storyboard in Resources */ = {isa = PBXBuildFile; fileRef = AB0DC56C2D2E0FEF00EF5350 /* Main.storyboard */; };
		AB0DC5702D2E0FF100EF5350 /* Assets.xcassets in Resources */ = {isa = PBXBuildFile; fileRef = AB0DC56F2D2E0FF100EF5350 /* Assets.xcassets */; };
		AB0DC5732D2E0FF100EF5350 /* LaunchScreen.storyboard in Resources */ = {isa = PBXBuildFile; fileRef = AB0DC5712D2E0FF100EF5350 /* LaunchScreen.storyboard */; };
		AB0DC5832D2E17A700EF5350 /* UIColor+CustomColors.swift in Sources */ = {isa = PBXBuildFile; fileRef = AB0DC5822D2E17A700EF5350 /* UIColor+CustomColors.swift */; };
		AB0DC5852D30D58400EF5350 /* WelcomeViewController.swift in Sources */ = {isa = PBXBuildFile; fileRef = AB0DC5842D30D58400EF5350 /* WelcomeViewController.swift */; };
/* End PBXBuildFile section */

/* Begin PBXFileReference section */
		AB0DC5632D2E0FEF00EF5350 /* myFitness-frontend.app */ = {isa = PBXFileReference; explicitFileType = wrapper.application; includeInIndex = 0; path = "myFitness-frontend.app"; sourceTree = BUILT_PRODUCTS_DIR; };
		AB0DC5662D2E0FEF00EF5350 /* AppDelegate.swift */ = {isa = PBXFileReference; lastKnownFileType = sourcecode.swift; path = AppDelegate.swift; sourceTree = "<group>"; };
		AB0DC5682D2E0FEF00EF5350 /* SceneDelegate.swift */ = {isa = PBXFileReference; lastKnownFileType = sourcecode.swift; path = SceneDelegate.swift; sourceTree = "<group>"; };
		AB0DC56A2D2E0FEF00EF5350 /* ViewController.swift */ = {isa = PBXFileReference; lastKnownFileType = sourcecode.swift; path = ViewController.swift; sourceTree = "<group>"; };
		AB0DC56D2D2E0FEF00EF5350 /* Base */ = {isa = PBXFileReference; lastKnownFileType = file.storyboard; name = Base; path = Base.lproj/Main.storyboard; sourceTree = "<group>"; };
		AB0DC56F2D2E0FF100EF5350 /* Assets.xcassets */ = {isa = PBXFileReference; lastKnownFileType = folder.assetcatalog; path = Assets.xcassets; sourceTree = "<group>"; };
		AB0DC5722D2E0FF100EF5350 /* Base */ = {isa = PBXFileReference; lastKnownFileType = file.storyboard; name = Base; path = Base.lproj/LaunchScreen.storyboard; sourceTree = "<group>"; };
		AB0DC5742D2E0FF100EF5350 /* Info.plist */ = {isa = PBXFileReference; lastKnownFileType = text.plist.xml; path = Info.plist; sourceTree = "<group>"; };
		AB0DC5822D2E17A700EF5350 /* UIColor+CustomColors.swift */ = {isa = PBXFileReference; lastKnownFileType = sourcecode.swift; path = "UIColor+CustomColors.swift"; sourceTree = "<group>"; };
		AB0DC5842D30D58400EF5350 /* WelcomeViewController.swift */ = {isa = PBXFileReference; lastKnownFileType = sourcecode.swift; path = WelcomeViewController.swift; sourceTree = "<group>"; };
/* End PBXFileReference section */

/* Begin PBXFrameworksBuildPhase section */
		AB0DC5602D2E0FEF00EF5350 /* Frameworks */ = {
			isa = PBXFrameworksBuildPhase;
			buildActionMask = 2147483647;
			files = (
			);
			runOnlyForDeploymentPostprocessing = 0;
		};
/* End PBXFrameworksBuildPhase section */

/* Begin PBXGroup section */
		AB0DC55A2D2E0FEF00EF5350 = {
			isa = PBXGroup;
			children = (
				AB0DC5652D2E0FEF00EF5350 /* myFitness-frontend */,
				AB0DC5642D2E0FEF00EF5350 /* Products */,
			);
			sourceTree = "<group>";
		};
		AB0DC5642D2E0FEF00EF5350 /* Products */ = {
			isa = PBXGroup;
			children = (
				AB0DC5632D2E0FEF00EF5350 /* myFitness-frontend.app */,
			);
			name = Products;
			sourceTree = "<group>";
		};
		AB0DC5652D2E0FEF00EF5350 /* myFitness-frontend */ = {
			isa = PBXGroup;
			children = (
				AB0DC5862D30D58C00EF5350 /* Controllers */,
				AB0DC5802D2E122700EF5350 /* Utilities */,
				AB0DC57E2D2E11FB00EF5350 /* Resources */,
				AB0DC57D2D2E11EF00EF5350 /* Networking */,
				AB0DC57C2D2E11E300EF5350 /* Views */,
				AB0DC57B2D2E11D700EF5350 /* Models */,
				AB0DC57A2D2E119300EF5350 /* App */,
				AB0DC56A2D2E0FEF00EF5350 /* ViewController.swift */,
				AB0DC5712D2E0FF100EF5350 /* LaunchScreen.storyboard */,
			);
			path = "myFitness-frontend";
			sourceTree = "<group>";
		};
		AB0DC57A2D2E119300EF5350 /* App */ = {
			isa = PBXGroup;
			children = (
				AB0DC5662D2E0FEF00EF5350 /* AppDelegate.swift */,
				AB0DC5682D2E0FEF00EF5350 /* SceneDelegate.swift */,
				AB0DC56C2D2E0FEF00EF5350 /* Main.storyboard */,
				AB0DC5742D2E0FF100EF5350 /* Info.plist */,
			);
			path = App;
			sourceTree = "<group>";
		};
		AB0DC57B2D2E11D700EF5350 /* Models */ = {
			isa = PBXGroup;
			children = (
			);
			path = Models;
			sourceTree = "<group>";
		};
		AB0DC57C2D2E11E300EF5350 /* Views */ = {
			isa = PBXGroup;
			children = (
			);
			path = Views;
			sourceTree = "<group>";
		};
		AB0DC57D2D2E11EF00EF5350 /* Networking */ = {
			isa = PBXGroup;
			children = (
			);
			path = Networking;
			sourceTree = "<group>";
		};
		AB0DC57E2D2E11FB00EF5350 /* Resources */ = {
			isa = PBXGroup;
			children = (
				AB0DC56F2D2E0FF100EF5350 /* Assets.xcassets */,
			);
			path = Resources;
			sourceTree = "<group>";
		};
		AB0DC5802D2E122700EF5350 /* Utilities */ = {
			isa = PBXGroup;
			children = (
				AB0DC5812D2E177500EF5350 /* Extensions */,
			);
			path = Utilities;
			sourceTree = "<group>";
		};
		AB0DC5812D2E177500EF5350 /* Extensions */ = {
			isa = PBXGroup;
			children = (
				AB0DC5822D2E17A700EF5350 /* UIColor+CustomColors.swift */,
			);
			path = Extensions;
			sourceTree = "<group>";
		};
		AB0DC5862D30D58C00EF5350 /* Controllers */ = {
			isa = PBXGroup;
			children = (
				AB0DC5842D30D58400EF5350 /* WelcomeViewController.swift */,
			);
			path = Controllers;
			sourceTree = "<group>";
		};
/* End PBXGroup section */

/* Begin PBXNativeTarget section */
		AB0DC5622D2E0FEF00EF5350 /* myFitness-frontend */ = {
			isa = PBXNativeTarget;
			buildConfigurationList = AB0DC5772D2E0FF100EF5350 /* Build configuration list for PBXNativeTarget "myFitness-frontend" */;
			buildPhases = (
				AB0DC55F2D2E0FEF00EF5350 /* Sources */,
				AB0DC5602D2E0FEF00EF5350 /* Frameworks */,
				AB0DC5612D2E0FEF00EF5350 /* Resources */,
			);
			buildRules = (
			);
			dependencies = (
			);
			name = "myFitness-frontend";
			productName = "myFitness-frontend";
			productReference = AB0DC5632D2E0FEF00EF5350 /* myFitness-frontend.app */;
			productType = "com.apple.product-type.application";
		};
/* End PBXNativeTarget section */

/* Begin PBXProject section */
		AB0DC55B2D2E0FEF00EF5350 /* Project object */ = {
			isa = PBXProject;
			attributes = {
				BuildIndependentTargetsInParallel = 1;
				LastSwiftUpdateCheck = 1500;
				LastUpgradeCheck = 1500;
				TargetAttributes = {
					AB0DC5622D2E0FEF00EF5350 = {
						CreatedOnToolsVersion = 15.0.1;
					};
				};
			};
			buildConfigurationList = AB0DC55E2D2E0FEF00EF5350 /* Build configuration list for PBXProject "myFitness-frontend" */;
			compatibilityVersion = "Xcode 14.0";
			developmentRegion = en;
			hasScannedForEncodings = 0;
			knownRegions = (
				en,
				Base,
			);
			mainGroup = AB0DC55A2D2E0FEF00EF5350;
			productRefGroup = AB0DC5642D2E0FEF00EF5350 /* Products */;
			projectDirPath = "";
			projectRoot = "";
			targets = (
				AB0DC5622D2E0FEF00EF5350 /* myFitness-frontend */,
			);
		};
/* End PBXProject section */

/* Begin PBXResourcesBuildPhase section */
		AB0DC5612D2E0FEF00EF5350 /* Resources */ = {
			isa = PBXResourcesBuildPhase;
			buildActionMask = 2147483647;
			files = (
				AB0DC5732D2E0FF100EF5350 /* LaunchScreen.storyboard in Resources */,
				AB0DC5702D2E0FF100EF5350 /* Assets.xcassets in Resources */,
				AB0DC56E2D2E0FEF00EF5350 /* Main.storyboard in Resources */,
			);
			runOnlyForDeploymentPostprocessing = 0;
		};
/* End PBXResourcesBuildPhase section */

/* Begin PBXSourcesBuildPhase section */
		AB0DC55F2D2E0FEF00EF5350 /* Sources */ = {
			isa = PBXSourcesBuildPhase;
			buildActionMask = 2147483647;
			files = (
				AB0DC56B2D2E0FEF00EF5350 /* ViewController.swift in Sources */,
				AB0DC5852D30D58400EF5350 /* WelcomeViewController.swift in Sources */,
				AB0DC5672D2E0FEF00EF5350 /* AppDelegate.swift in Sources */,
				AB0DC5832D2E17A700EF5350 /* UIColor+CustomColors.swift in Sources */,
				AB0DC5692D2E0FEF00EF5350 /* SceneDelegate.swift in Sources */,
			);
			runOnlyForDeploymentPostprocessing = 0;
		};
/* End PBXSourcesBuildPhase section */

/* Begin PBXVariantGroup section */
		AB0DC56C2D2E0FEF00EF5350 /* Main.storyboard */ = {
			isa = PBXVariantGroup;
			children = (
				AB0DC56D2D2E0FEF00EF5350 /* Base */,
			);
			name = Main.storyboard;
			sourceTree = "<group>";
		};
		AB0DC5712D2E0FF100EF5350 /* LaunchScreen.storyboard */ = {
			isa = PBXVariantGroup;
			children = (
				AB0DC5722D2E0FF100EF5350 /* Base */,
			);
			name = LaunchScreen.storyboard;
			sourceTree = "<group>";
		};
/* End PBXVariantGroup section */

/* Begin XCBuildConfiguration section */
		AB0DC5752D2E0FF100EF5350 /* Debug */ = {
			isa = XCBuildConfiguration;
			buildSettings = {
				ALWAYS_SEARCH_USER_PATHS = NO;
				ASSETCATALOG_COMPILER_GENERATE_SWIFT_ASSET_SYMBOL_EXTENSIONS = YES;
				CLANG_ANALYZER_NONNULL = YES;
				CLANG_ANALYZER_NUMBER_OBJECT_CONVERSION = YES_AGGRESSIVE;
				CLANG_CXX_LANGUAGE_STANDARD = "gnu++20";
				CLANG_ENABLE_MODULES = YES;
				CLANG_ENABLE_OBJC_ARC = YES;
				CLANG_ENABLE_OBJC_WEAK = YES;
				CLANG_WARN_BLOCK_CAPTURE_AUTORELEASING = YES;
				CLANG_WARN_BOOL_CONVERSION = YES;
				CLANG_WARN_COMMA = YES;
				CLANG_WARN_CONSTANT_CONVERSION = YES;
				CLANG_WARN_DEPRECATED_OBJC_IMPLEMENTATIONS = YES;
				CLANG_WARN_DIRECT_OBJC_ISA_USAGE = YES_ERROR;
				CLANG_WARN_DOCUMENTATION_COMMENTS = YES;
				CLANG_WARN_EMPTY_BODY = YES;
				CLANG_WARN_ENUM_CONVERSION = YES;
				CLANG_WARN_INFINITE_RECURSION = YES;
				CLANG_WARN_INT_CONVERSION = YES;
				CLANG_WARN_NON_LITERAL_NULL_CONVERSION = YES;
				CLANG_WARN_OBJC_IMPLICIT_RETAIN_SELF = YES;
				CLANG_WARN_OBJC_LITERAL_CONVERSION = YES;
				CLANG_WARN_OBJC_ROOT_CLASS = YES_ERROR;
				CLANG_WARN_QUOTED_INCLUDE_IN_FRAMEWORK_HEADER = YES;
				CLANG_WARN_RANGE_LOOP_ANALYSIS = YES;
				CLANG_WARN_STRICT_PROTOTYPES = YES;
				CLANG_WARN_SUSPICIOUS_MOVE = YES;
				CLANG_WARN_UNGUARDED_AVAILABILITY = YES_AGGRESSIVE;
				CLANG_WARN_UNREACHABLE_CODE = YES;
				CLANG_WARN__DUPLICATE_METHOD_MATCH = YES;
				COPY_PHASE_STRIP = NO;
				DEBUG_INFORMATION_FORMAT = dwarf;
				ENABLE_STRICT_OBJC_MSGSEND = YES;
				ENABLE_TESTABILITY = YES;
				ENABLE_USER_SCRIPT_SANDBOXING = YES;
				GCC_C_LANGUAGE_STANDARD = gnu17;
				GCC_DYNAMIC_NO_PIC = NO;
				GCC_NO_COMMON_BLOCKS = YES;
				GCC_OPTIMIZATION_LEVEL = 0;
				GCC_PREPROCESSOR_DEFINITIONS = (
					"DEBUG=1",
					"$(inherited)",
				);
				GCC_WARN_64_TO_32_BIT_CONVERSION = YES;
				GCC_WARN_ABOUT_RETURN_TYPE = YES_ERROR;
				GCC_WARN_UNDECLARED_SELECTOR = YES;
				GCC_WARN_UNINITIALIZED_AUTOS = YES_AGGRESSIVE;
				GCC_WARN_UNUSED_FUNCTION = YES;
				GCC_WARN_UNUSED_VARIABLE = YES;
				IPHONEOS_DEPLOYMENT_TARGET = 17.0;
				LOCALIZATION_PREFERS_STRING_CATALOGS = YES;
				MTL_ENABLE_DEBUG_INFO = INCLUDE_SOURCE;
				MTL_FAST_MATH = YES;
				ONLY_ACTIVE_ARCH = YES;
				SDKROOT = iphoneos;
				SWIFT_ACTIVE_COMPILATION_CONDITIONS = "DEBUG $(inherited)";
				SWIFT_OPTIMIZATION_LEVEL = "-Onone";
			};
			name = Debug;
		};
		AB0DC5762D2E0FF100EF5350 /* Release */ = {
			isa = XCBuildConfiguration;
			buildSettings = {
				ALWAYS_SEARCH_USER_PATHS = NO;
				ASSETCATALOG_COMPILER_GENERATE_SWIFT_ASSET_SYMBOL_EXTENSIONS = YES;
				CLANG_ANALYZER_NONNULL = YES;
				CLANG_ANALYZER_NUMBER_OBJECT_CONVERSION = YES_AGGRESSIVE;
				CLANG_CXX_LANGUAGE_STANDARD = "gnu++20";
				CLANG_ENABLE_MODULES = YES;
				CLANG_ENABLE_OBJC_ARC = YES;
				CLANG_ENABLE_OBJC_WEAK = YES;
				CLANG_WARN_BLOCK_CAPTURE_AUTORELEASING = YES;
				CLANG_WARN_BOOL_CONVERSION = YES;
				CLANG_WARN_COMMA = YES;
				CLANG_WARN_CONSTANT_CONVERSION = YES;
				CLANG_WARN_DEPRECATED_OBJC_IMPLEMENTATIONS = YES;
				CLANG_WARN_DIRECT_OBJC_ISA_USAGE = YES_ERROR;
				CLANG_WARN_DOCUMENTATION_COMMENTS = YES;
				CLANG_WARN_EMPTY_BODY = YES;
				CLANG_WARN_ENUM_CONVERSION = YES;
				CLANG_WARN_INFINITE_RECURSION = YES;
				CLANG_WARN_INT_CONVERSION = YES;
				CLANG_WARN_NON_LITERAL_NULL_CONVERSION = YES;
				CLANG_WARN_OBJC_IMPLICIT_RETAIN_SELF = YES;
				CLANG_WARN_OBJC_LITERAL_CONVERSION = YES;
				CLANG_WARN_OBJC_ROOT_CLASS = YES_ERROR;
				CLANG_WARN_QUOTED_INCLUDE_IN_FRAMEWORK_HEADER = YES;
				CLANG_WARN_RANGE_LOOP_ANALYSIS = YES;
				CLANG_WARN_STRICT_PROTOTYPES = YES;
				CLANG_WARN_SUSPICIOUS_MOVE = YES;
				CLANG_WARN_UNGUARDED_AVAILABILITY = YES_AGGRESSIVE;
				CLANG_WARN_UNREACHABLE_CODE = YES;
				CLANG_WARN__DUPLICATE_METHOD_MATCH = YES;
				COPY_PHASE_STRIP = NO;
				DEBUG_INFORMATION_FORMAT = "dwarf-with-dsym";
				ENABLE_NS_ASSERTIONS = NO;
				ENABLE_STRICT_OBJC_MSGSEND = YES;
				ENABLE_USER_SCRIPT_SANDBOXING = YES;
				GCC_C_LANGUAGE_STANDARD = gnu17;
				GCC_NO_COMMON_BLOCKS = YES;
				GCC_WARN_64_TO_32_BIT_CONVERSION = YES;
				GCC_WARN_ABOUT_RETURN_TYPE = YES_ERROR;
				GCC_WARN_UNDECLARED_SELECTOR = YES;
				GCC_WARN_UNINITIALIZED_AUTOS = YES_AGGRESSIVE;
				GCC_WARN_UNUSED_FUNCTION = YES;
				GCC_WARN_UNUSED_VARIABLE = YES;
				IPHONEOS_DEPLOYMENT_TARGET = 17.0;
				LOCALIZATION_PREFERS_STRING_CATALOGS = YES;
				MTL_ENABLE_DEBUG_INFO = NO;
				MTL_FAST_MATH = YES;
				SDKROOT = iphoneos;
				SWIFT_COMPILATION_MODE = wholemodule;
				VALIDATE_PRODUCT = YES;
			};
			name = Release;
		};
		AB0DC5782D2E0FF100EF5350 /* Debug */ = {
			isa = XCBuildConfiguration;
			buildSettings = {
				ASSETCATALOG_COMPILER_APPICON_NAME = AppIcon;
				ASSETCATALOG_COMPILER_GLOBAL_ACCENT_COLOR_NAME = AccentColor;
				CODE_SIGN_STYLE = Automatic;
				CURRENT_PROJECT_VERSION = 1;
				DEVELOPMENT_TEAM = X749ZC6LL5;
				GENERATE_INFOPLIST_FILE = YES;
				INFOPLIST_FILE = "myFitness-frontend/App/Info.plist";
				INFOPLIST_KEY_LSApplicationCategoryType = "public.app-category.healthcare-fitness";
				INFOPLIST_KEY_UIApplicationSupportsIndirectInputEvents = YES;
				INFOPLIST_KEY_UILaunchStoryboardName = LaunchScreen;
				INFOPLIST_KEY_UIMainStoryboardFile = Main;
				INFOPLIST_KEY_UISupportedInterfaceOrientations_iPad = "UIInterfaceOrientationPortrait UIInterfaceOrientationPortraitUpsideDown UIInterfaceOrientationLandscapeLeft UIInterfaceOrientationLandscapeRight";
				INFOPLIST_KEY_UISupportedInterfaceOrientations_iPhone = "UIInterfaceOrientationPortrait UIInterfaceOrientationLandscapeLeft UIInterfaceOrientationLandscapeRight";
				LD_RUNPATH_SEARCH_PATHS = (
					"$(inherited)",
					"@executable_path/Frameworks",
				);
				MARKETING_VERSION = 1.0;
				PRODUCT_BUNDLE_IDENTIFIER = "personal.myFitness-frontend";
				PRODUCT_NAME = "$(TARGET_NAME)";
				SWIFT_EMIT_LOC_STRINGS = YES;
				SWIFT_VERSION = 5.0;
				TARGETED_DEVICE_FAMILY = "1,2";
			};
			name = Debug;
		};
		AB0DC5792D2E0FF100EF5350 /* Release */ = {
			isa = XCBuildConfiguration;
			buildSettings = {
				ASSETCATALOG_COMPILER_APPICON_NAME = AppIcon;
				ASSETCATALOG_COMPILER_GLOBAL_ACCENT_COLOR_NAME = AccentColor;
				CODE_SIGN_STYLE = Automatic;
				CURRENT_PROJECT_VERSION = 1;
				DEVELOPMENT_TEAM = X749ZC6LL5;
				GENERATE_INFOPLIST_FILE = YES;
				INFOPLIST_FILE = "myFitness-frontend/App/Info.plist";
				INFOPLIST_KEY_LSApplicationCategoryType = "public.app-category.healthcare-fitness";
				INFOPLIST_KEY_UIApplicationSupportsIndirectInputEvents = YES;
				INFOPLIST_KEY_UILaunchStoryboardName = LaunchScreen;
				INFOPLIST_KEY_UIMainStoryboardFile = Main;
				INFOPLIST_KEY_UISupportedInterfaceOrientations_iPad = "UIInterfaceOrientationPortrait UIInterfaceOrientationPortraitUpsideDown UIInterfaceOrientationLandscapeLeft UIInterfaceOrientationLandscapeRight";
				INFOPLIST_KEY_UISupportedInterfaceOrientations_iPhone = "UIInterfaceOrientationPortrait UIInterfaceOrientationLandscapeLeft UIInterfaceOrientationLandscapeRight";
				LD_RUNPATH_SEARCH_PATHS = (
					"$(inherited)",
					"@executable_path/Frameworks",
				);
				MARKETING_VERSION = 1.0;
				PRODUCT_BUNDLE_IDENTIFIER = "personal.myFitness-frontend";
				PRODUCT_NAME = "$(TARGET_NAME)";
				SWIFT_EMIT_LOC_STRINGS = YES;
				SWIFT_VERSION = 5.0;
				TARGETED_DEVICE_FAMILY = "1,2";
			};
			name = Release;
		};
/* End XCBuildConfiguration section */

/* Begin XCConfigurationList section */
		AB0DC55E2D2E0FEF00EF5350 /* Build configuration list for PBXProject "myFitness-frontend" */ = {
			isa = XCConfigurationList;
			buildConfigurations = (
				AB0DC5752D2E0FF100EF5350 /* Debug */,
				AB0DC5762D2E0FF100EF5350 /* Release */,
			);
			defaultConfigurationIsVisible = 0;
			defaultConfigurationName = Release;
		};
		AB0DC5772D2E0FF100EF5350 /* Build configuration list for PBXNativeTarget "myFitness-frontend" */ = {
			isa = XCConfigurationList;
			buildConfigurations = (
				AB0DC5782D2E0FF100EF5350 /* Debug */,
				AB0DC5792D2E0FF100EF5350 /* Release */,
			);
			defaultConfigurationIsVisible = 0;
			defaultConfigurationName = Release;
		};
/* End XCConfigurationList section */
	};
	rootObject = AB0DC55B2D2E0FEF00EF5350 /* Project object */;
}
